
Microsoft Visual Studio Solution File, Format Version 12.00
# Visual Studio 15
VisualStudioVersion = 15.0.28010.2026
MinimumVisualStudioVersion = 10.0.40219.1
Project("{9A19103F-16F7-4668-BE54-9A1E7A4F7556}") = "TissueScatter.Net", "TissueScatter\TissueScatter.Net.csproj", "{BFD69430-5635-4B70-A75A-586BA85E42BE}"
EndProject
Project("{9A19103F-16F7-4668-BE54-9A1E7A4F7556}") = "TissueScatter.Net.Test", "TissueScatter.Net.Test\TissueScatter.Net.Test.csproj", "{2711CEA3-B804-4132-96C2-B9A5B1C8DCFF}"
EndProject
Project("{FAE04EC0-301F-11D3-BF4B-00C04F79EFBC}") = "TissueScatter.Functions", "TissueScatter.Functions\TissueScatter.Functions.csproj", "{16F96C68-3201-43A0-B910-55139A07FB99}"
EndProject
Global
	GlobalSection(SolutionConfigurationPlatforms) = preSolution
		Debug|Any CPU = Debug|Any CPU
		Release|Any CPU = Release|Any CPU
	EndGlobalSection
	GlobalSection(ProjectConfigurationPlatforms) = postSolution
		{BFD69430-5635-4B70-A75A-586BA85E42BE}.Debug|Any CPU.ActiveCfg = Debug|Any CPU
		{BFD69430-5635-4B70-A75A-586BA85E42BE}.Debug|Any CPU.Build.0 = Debug|Any CPU
		{BFD69430-5635-4B70-A75A-586BA85E42BE}.Release|Any CPU.ActiveCfg = Release|Any CPU
		{BFD69430-5635-4B70-A75A-586BA85E42BE}.Release|Any CPU.Build.0 = Release|Any CPU
		{2711CEA3-B804-4132-96C2-B9A5B1C8DCFF}.Debug|Any CPU.ActiveCfg = Debug|Any CPU
		{2711CEA3-B804-4132-96C2-B9A5B1C8DCFF}.Debug|Any CPU.Build.0 = Debug|Any CPU
		{2711CEA3-B804-4132-96C2-B9A5B1C8DCFF}.Release|Any CPU.ActiveCfg = Release|Any CPU
		{2711CEA3-B804-4132-96C2-B9A5B1C8DCFF}.Release|Any CPU.Build.0 = Release|Any CPU
		{16F96C68-3201-43A0-B910-55139A07FB99}.Debug|Any CPU.ActiveCfg = Debug|Any CPU
		{16F96C68-3201-43A0-B910-55139A07FB99}.Debug|Any CPU.Build.0 = Debug|Any CPU
		{16F96C68-3201-43A0-B910-55139A07FB99}.Release|Any CPU.ActiveCfg = Release|Any CPU
		{16F96C68-3201-43A0-B910-55139A07FB99}.Release|Any CPU.Build.0 = Release|Any CPU
	EndGlobalSection
	GlobalSection(SolutionProperties) = preSolution
		HideSolutionNode = FALSE
	EndGlobalSection
	GlobalSection(ExtensibilityGlobals) = postSolution
		SolutionGuid = {DEF81265-4CBC-423D-AF1F-E74B1777EC9B}
	EndGlobalSection
EndGlobal
